
Microsoft Visual Studio Solution File, Format Version 12.00
# Visual Studio 15
VisualStudioVersion = 15.0.28307.779
MinimumVisualStudioVersion = 10.0.40219.1
Project("{9A19103F-16F7-4668-BE54-9A1E7A4F7556}") = "FluentApiGenericRepository", "FluentApiGenericRepository\FluentApiGenericRepository.csproj", "{3F0E323F-96EE-4A6F-9AA8-13F158C4177D}"
EndProject
Project("{FAE04EC0-301F-11D3-BF4B-00C04F79EFBC}") = "FluentApiGenericRepository.Test", "FluentApiGenericRepository.Test\FluentApiGenericRepository.Test.csproj", "{053DF1FE-89C4-4767-878C-450E1AB6A838}"
EndProject
Global
	GlobalSection(SolutionConfigurationPlatforms) = preSolution
		Debug|Any CPU = Debug|Any CPU
		Release|Any CPU = Release|Any CPU
	EndGlobalSection
	GlobalSection(ProjectConfigurationPlatforms) = postSolution
		{3F0E323F-96EE-4A6F-9AA8-13F158C4177D}.Debug|Any CPU.ActiveCfg = Debug|Any CPU
		{3F0E323F-96EE-4A6F-9AA8-13F158C4177D}.Debug|Any CPU.Build.0 = Debug|Any CPU
		{3F0E323F-96EE-4A6F-9AA8-13F158C4177D}.Release|Any CPU.ActiveCfg = Release|Any CPU
		{3F0E323F-96EE-4A6F-9AA8-13F158C4177D}.Release|Any CPU.Build.0 = Release|Any CPU
		{053DF1FE-89C4-4767-878C-450E1AB6A838}.Debug|Any CPU.ActiveCfg = Debug|Any CPU
		{053DF1FE-89C4-4767-878C-450E1AB6A838}.Debug|Any CPU.Build.0 = Debug|Any CPU
		{053DF1FE-89C4-4767-878C-450E1AB6A838}.Release|Any CPU.ActiveCfg = Release|Any CPU
		{053DF1FE-89C4-4767-878C-450E1AB6A838}.Release|Any CPU.Build.0 = Release|Any CPU
	EndGlobalSection
	GlobalSection(SolutionProperties) = preSolution
		HideSolutionNode = FALSE
	EndGlobalSection
	GlobalSection(ExtensibilityGlobals) = postSolution
		SolutionGuid = {44100F7F-556B-4D5D-89D5-A5D7C2939AF2}
	EndGlobalSection
EndGlobal
